{
    "_meta": {
        "hash": {
            "sha256": "e8c39fbb5f047568b11cbd197adddcd1208a3a4eeb66b10f46b6ca859ed2716b"
        },
        "pipfile-spec": 6,
        "requires": {
            "python_version": "3.11"
        },
        "sources": [
            {
                "name": "pypi",
                "url": "https://pypi.org/simple",
                "verify_ssl": true
            }
        ]
    },
    "default": {
        "annotated-types": {
            "hashes": [
                "sha256:13b2beaad985e05e2d6407ee4c4f35590b11f8d693a258a561055cac8f64cab7",
                "sha256:f072f4d804ea359e4eaf198b1af7a8b0943881a87f31bb764f8bf219bb9419e0"
            ],
            "markers": "python_version >= '3.10'",
            "version": "==0.8.0"
        },
        "anyio": {
            "hashes": [
                "sha256:6152fdbbf9a77fdec97731721bebf7c4c44f7c29b424b0065826173efc7ed101",
                "sha256:9f28306018cbd6d329e64a36d58256edff76dd996fe423bc957326e578b82a94"
            ],
            "markers": "python_version >= '3.10'",
            "version": "==4.15.1"
        },
        "certifi": {
            "hashes": [
                "sha256:62f22742b58a1a33014a2b6b706588a8d7e2a88ae7bd1a6ebe8c992928483775",
                "sha256:741e2c3b351ddf169a738da9f2c048608ff7f2c5cc02f1ebc6b118bb090d5d55"
            ],
            "markers": "python_version >= '3.7'",
            "version": "==2026.7.22"
        },
        "click": {
            "hashes": [
                "sha256:255bc9599cf7748b4b1a446ccc735421bd08a2ae529a8b88597d3de5664ee360",
                "sha256:ba0d2089de75ea0310e2dde03160e6ca10009947fb95a182f9b54021bb272e34"
            ],
            "markers": "python_version >= '3.10'",
            "version": "==8.5.0"
        },
        "clickhouse-connect": {
            "hashes": [
                "sha256:0036960dcb6bf88b262e9b461ddafb7597c0beb36700aab1e74dde64f02c8cfd",
                "sha256:0089f2430647d0f4929445547646734c2190a505bf4918054a9626d1f22827e1",
                "sha256:08b8d039b944a364264121342a6678fcc49ef2e1f56359d4cd8b03e31e221b40",
                "sha256:0a05e91e04376b17c5d5aef7b70e0bd968e294384581a7060f9b469765fb539c",
                "sha256:0a827fdd96604b3f2d4dd597fbea01f41e3df13841b995b871ee2d590df651fe",
                "sha256:11b220d5b060fad1cfeb5f58c39db0212d995b7310ec3c97241f77ebb208312a",
                "sha256:128b0be2362e2011ba5913fe9def98c639990fb88cdbee2b68b2675193acdac0",
                "sha256:14c0cb61cb53268ca90faebf0dd216ce8622978dca3c9e901a980b1f00a5d392",
                "sha256:186e8327166c26399290f529d94631615fb71885e6adc90fdb8128c7f5d4dc68",
                "sha256:19ebc7773c428d0c34228ab483aecfd9c97bb1eae679f04843822354a25fe76e",
                "sha256:1aa99e6192e8414b9fc579d5ba64e83c82953400e3b6d67604a441c2ff67c7e4",
                "sha256:1f0594ee5a261f2b89823f049edb7aebfa4cf3262ab324a76e462de0fd404320",
                "sha256:206a33decf2d9ed689d3156ef906dc06f1db7eabfe512e3552e08e9e86b4c73a",
                "sha256:21570aa28c0a9753a8172f88fbe492dcc903f5162798725a04920e319b4771bb",
                "sha256:252549ed7596baaf955699f7713ff171cb21292ea333ff01cc295d7bbf20a4d9",
                "sha256:2e13cf6dd9f6a0107af3819477c336469e09df5c900433640c168f92829fd8ae",
                "sha256:2e4585e7f0fc0a963a199f967924096ea4250473b080548adf816f3ce298c418",
                "sha256:2eb88acedc3802fb39b2b3eb48b76ec7c7cc895c189b3ac031f880ee12e82bd9",
                "sha256:34fc8e0a2be6e61da6463b812154cf55b9b43e20841bc0c88d8067ed19daa6ce",
                "sha256:35418b601c8f05ce4dafc56ad43d7ebb6c1ab8153cc420d5caf87e1fce3926ac",
                "sha256:38bdf84bbbb784ce1ffb813edc1ddc7622cea3cc6ca59f336f82c3365fed36ef",
                "sha256:40a02bafa09ead516330874e1f1fa6b104f2eed209b37b6e7fbf3b83465c98da",
                "sha256:41748b395cc11d1bd645a998c08f9e504d7c4a80fb1081f2db57d984b7808ba0",
                "sha256:48b79d1f3dec02d7cc36bdac168d316ca8d634a1f88168e471972bd241527162",
                "sha256:4c8167e61b7596825599d377e65026419ec3483700d2a021eb7a7b4fa9bb029e",
                "sha256:4ea9073fc6d91db6c6bd87322a0cc00dc0aae5e6479371945f2aa9370c3412da",
                "sha256:531a6479c42ebb1a497e18f64308a6ea6c894843f0c7021f95b3b33e1738a2ff",
                "sha256:5b4067fd9a47481c4fd612813398c452d38473bae886b38f5baf9d8ee576797a",
                "sha256:5ea2e520fa9abec2f2359244249516865c399329c79f0a7b78ab965fcfd7a9fb",
                "sha256:63c9c1ab6899ff916f4751b1d7604b6e81c3a63f169ec538429be072905cf7c3",
                "sha256:64424d5bf8ee9f8ec260ba8c6ae810f11bd9dbf049bdee6a28a72832ce8d347c",
                "sha256:64bc352ec1505b35574c6fdf3f245be5231e98c0a40a4385fd7df9e7d17c881c",
                "sha256:6e087bc4162d156fc040678454e5eb6160f72d470e3817906128069a7881af7d",
                "sha256:6f406161608243657027118efb12efca00889cc20c3e1d16b1c0f8b98079ccf5",
                "sha256:7613f38e8d1fbd98baef94e68af603de3eec4f45d6aa6874d86cc04255bde08a",
                "sha256:777dfbea92984e1c834a75499f459823edb9e7afde9ed62281455edb5d7be577",
                "sha256:7dc23183af888e9dc85b46c2a543504ad23add2c6f87b9ee5a5353ebd10e5215",
                "sha256:7dfd1280d62f24ff8f991953487958d4b97dd2435fea9d680f7f193049ed7e81",
                "sha256:80c58ae5e978a3cdd840ffc1f4179c2b08cf440b72e272aecb1b08ddc6d82644",
                "sha256:83ae184507c671c3d833e688bd1445bc0fd62a4cf6db6cbaf9f8aaebd4134921",
                "sha256:83b1fe08a655e4d26a64b3a3a5e06327cc2a02b5c7ccb8e3e0070b3880720641",
                "sha256:845342e60d43d1b69dd3c90c156135b3e1687bef5552cb3f3dfc3031731077b2",
                "sha256:87e423a22f48249fb97654d0b90653e3cf2fe4b52c535e2448b568f5a30f3010",
                "sha256:8a0b3591ca43dc15115f8a8bce6db70c70fa99caa3f61849189ceeec7895545b",
                "sha256:8e9b47475f82ad31c4981cb5284e6a7d9869dda7c295d69ba650011ec6b6c64e",
                "sha256:8fe4871a17f4d144a754c48b7a5ff77066fb8a07b72101ec5f92a54590670f6f",
                "sha256:9288c86bf3b4ffc002e0f21eb81e49b5504e39472d35fd79075619bb1c5e0b08",
                "sha256:a444ea5e14135c88349223af00d124e09f3f77384180ca7df96b4aafd8b6e9ee",
                "sha256:a7915cdd844d083905b5fe4f9139c65aa033652a670986381dc2e2b885108266",
                "sha256:ac04864651f42f7bb3159c93c6f135854982d829d5abdbea7dd866a39a8dddeb",
                "sha256:b70530f6c16fca4faa1fd354e8cf42f4fae363e1f48da2d1b3713221327251a5",
                "sha256:ba1747a569b87f693d2c470faaaf83e02a24792c3533502f92b11ada672c2a6f",
                "sha256:bcacaee9d4cb6525e2d9865bdc103d9e243b5eca77a794203c5822b201cddc63",
                "sha256:bcbe8c6a104ebb7098db13bca7cbfb02b5af3e2c1af55708bfbb6ba7570d2804",
                "sha256:c9494b4d2c74f94ad05ca17ebe91960396af7f45922ba908931eace77b53acca",
                "sha256:c98fdb56d4e0c54602319f4bd3ae3010b4ac81eab570591d502fbbd70557baba",
                "sha256:cff5150dfde8e69d7a9850d7fede971b35ec61c2b90ee1d7023f63f75f262ea7",
                "sha256:d438a6d6461f5bdb37344b668049a78e1a0f3353987a1e649001d075196fd688",
                "sha256:da68a0cece7a350d6ebeacc5934406c78c381d6bf6a598765d56f24b65b1ec85",
                "sha256:e62a847fc7827ee863af62e8c93a4bf0e325902b2b1863f0b5b016ad1a76bba3",
                "sha256:e85ced109bf1f2cf5afe5eb7b658c48be62964c1981a8eb4ae2f872827809e63",
                "sha256:ea0e7716a9a635cbd54ad9f59f55c3c08dfb4cbf2f7b796208bbe49a8dd25fe7",
                "sha256:eae5f9f6d8617f52b4b44b8f6e53ac77785fc382afe788d6ae2dc9e87a403d1a",
                "sha256:eebfa66b35801a35c8a96c53c5a42ea647791c2e90c6f0960b7baad6e7c009eb",
                "sha256:f1b9619c0d4b1c5e02fbd7b8e95c29979fd2b56a919f1259213452e2cc93a3fc",
                "sha256:f754a26e56f60941ab5afff6eeaaeaa8de10354a6b80ca759b4366368df185b0",
                "sha256:f9481e01cb303fc7bf6bef79382c4eca2e0ffd0ef01c056f7968aa7635b21c67",
                "sha256:fab5ae60994a4702c5e333baea2e26c1d0abf4c2ccc0a7cb03a9a15197f04ab8",
                "sha256:fbb56d86b6e26016e24a260a2280c9831736797cf8eda8594551e25fa91a1b0e",
                "sha256:fcd291e920223edb3152bc4e7720b2b514b7a48fb18bb0c3346f66b2691add67",
                "sha256:fefcbb5405f4ec803a016718958e4d8e5a3e548b9d3cc5a8ca6b2b327328ccaf",
                "sha256:ff90c27ea43c11cb8878139068fed719f0141cd19ff344b53044ddc08765b3bc"
            ],
            "index": "pypi",
            "markers": "python_version ~= '3.8'",
            "version": "==0.8.18"
        },
        "fastapi": {
            "hashes": [
                "sha256:6c0c8bf9420bd58f565e585036d971872472b4f7d3f6c73b698e10cffdefb3ca",
                "sha256:b1de15cdc1c499a4da47914db35d0e4ef8f1ce62b624e94e0e5824421df99739"
            ],
            "index": "pypi",
            "markers": "python_version >= '3.8'",
            "version": "==0.115.14"
        },
        "h11": {
            "hashes": [
                "sha256:4e35b956cf45792e4caa5885e69fba00bdbc6ffafbfa020300e549b208ee5ff1",
                "sha256:63cf8bbe7522de3bf65932fda1d9c2772064ffb3dae62d55932da54b31cb6c86"
            ],
            "markers": "python_version >= '3.8'",
            "version": "==0.16.0"
        },
        "idna": {
            "hashes": [
                "sha256:5e0811a4383b21dc5838069f801c4fb62113b7447663d2530d2bd6e77b49bf15",
                "sha256:815e7be7a7806d54abb586dc943addc79e8b2ee16915059658cbeff4b1b43bf4"
            ],
            "markers": "python_version >= '3.9'",
            "version": "==3.19"
        },
        "lz4": {
            "hashes": [
                "sha256:0846e6e78f374156ccf21c631de80967e03cc3c01c373c665789dc0c5431e7fc",
                "sha256:0bba042ec5a61fa77c7e380351a61cb768277801240249841defd2ff0a10742f",
                "sha256:12233624f1bc2cebc414f9efb3113a03e89acce3ab6f72035577bc61b270d24d",
                "sha256:13254bd78fef50105872989a2dc3418ff09aefc7d0765528adc21646a7288294",
                "sha256:15551280f5656d2206b9b43262799c89b25a25460416ec554075a8dc568e4397",
                "sha256:1dd4d91d25937c2441b9fc0f4af01704a2d09f30a38c5798bc1d1b5a15ec9581",
                "sha256:214e37cfe270948ea7eb777229e211c601a3e0875541c1035ab408fbceaddf50",
                "sha256:216ca0c6c90719731c64f41cfbd6f27a736d7e50a10b70fad2a9c9b262ec923d",
                "sha256:24092635f47538b392c4eaeff14c7270d2c8e806bf4be2a6446a378591c5e69e",
                "sha256:28ccaeb7c5222454cd5f60fcd152564205bcb801bd80e125949d2dfbadc76bbd",
                "sha256:2a2b7504d2dffed3fd19d4085fe1cc30cf221263fd01030819bdd8d2bb101cf1",
                "sha256:2c3ea562c3af274264444819ae9b14dbbf1ab070aff214a05e97db6896c7597e",
                "sha256:33dd86cea8375d8e5dd001e41f321d0a4b1eb7985f39be1b6a4f466cd480b8a7",
                "sha256:3b84a42da86e8ad8537aabef062e7f661f4a877d1c74d65606c49d835d36d668",
                "sha256:451039b609b9a88a934800b5fc6ee401c89ad9c175abf2f4d9f8b2e4ef1afc64",
                "sha256:533298d208b58b651662dd972f52d807d48915176e5b032fb4f8c3b6f5fe535c",
                "sha256:5f0b9e53c1e82e88c10d7c180069363980136b9d7a8306c4dca4f760d60c39f0",
                "sha256:609a69c68e7cfcfa9d894dc06be13f2e00761485b62df4e2472f1b66f7b405fb",
                "sha256:61d0ee03e6c616f4a8b69987d03d514e8896c8b1b7cc7598ad029e5c6aedfd43",
                "sha256:66c5de72bf4988e1b284ebdd6524c4bead2c507a2d7f172201572bac6f593901",
                "sha256:67531da3b62f49c939e09d56492baf397175ff39926d0bd5bd2d191ac2bff95f",
                "sha256:6bb05416444fafea170b07181bc70640975ecc2a8c92b3b658c554119519716c",
                "sha256:6d0bf51e7745484d2092b3a51ae6eb58c3bd3ce0300cf2b2c14f76c536d5697a",
                "sha256:713a777de88a73425cf08eb11f742cd2c98628e79a8673d6a52e3c5f0c116f33",
                "sha256:75419bb1a559af00250b8f1360d508444e80ed4b26d9d40ec5b09fe7875cb989",
                "sha256:7b62f94b523c251cf32aa4ab555f14d39bd1a9df385b72443fd76d7c7fb051f5",
                "sha256:7c4e7c44b6a31de77d4dc9772b7d2561937c9588a734681f70ec547cfbc51ecd",
                "sha256:7dc1e1e2dbd872f8fae529acd5e4839efd0b141eaa8ae7ce835a9fe80fbad89f",
                "sha256:83bc23ef65b6ae44f3287c38cbf82c269e2e96a26e560aa551735883388dcc4b",
                "sha256:8a842ead8ca7c0ee2f396ca5d878c4c40439a527ebad2b996b0444f0074ed004",
                "sha256:92159782a4502858a21e0079d77cdcaade23e8a5d252ddf46b0652604300d7be",
                "sha256:9b5e6abca8df9f9bdc5c3085f33ff32cdc86ed04c65e0355506d46a5ac19b6e9",
                "sha256:a1acbbba9edbcbb982bc2cac5e7108f0f553aebac1040fbec67a011a45afa1ba",
                "sha256:a2af2897333b421360fdcce895c6f6281dc3fab018d19d341cf64d043fc8d90d",
                "sha256:a482eecc0b7829c89b498fda883dbd50e98153a116de612ee7c111c8bcf82d1d",
                "sha256:a5f197ffa6fc0e93207b0af71b302e0a2f6f29982e5de0fbda61606dd3a55832",
                "sha256:a88cbb729cc333334ccfb52f070463c21560fca63afcf636a9f160a55fac3301",
                "sha256:b424df1076e40d4e884cfcc4c77d815368b7fb9ebcd7e634f937725cd9a8a72a",
                "sha256:bd85d118316b53ed73956435bee1997bd06cc66dd2fa74073e3b1322bd520a67",
                "sha256:c1cfa663468a189dab510ab231aad030970593f997746d7a324d40104db0d0a9",
                "sha256:c216b6d5275fc060c6280936bb3bb0e0be6126afb08abccde27eed23dead135f",
                "sha256:c8e71b14938082ebaf78144f3b3917ac715f72d14c076f384a4c062df96f9df6",
                "sha256:cdd4bdcbaf35056086d910d219106f6a04e1ab0daa40ec0eeef1626c27d0fddb",
                "sha256:d221fa421b389ab2345640a508db57da36947a437dfe31aeddb8d5c7b646c22d",
                "sha256:d64141085864918392c3159cdad15b102a620a67975c786777874e1e90ef15ce",
                "sha256:d6da84a26b3aa5da13a62e4b89ab36a396e9327de8cd48b436a3467077f8ccd4",
                "sha256:d994b87abaa7a88ceb7a37c90f547b8284ff9da694e6afcfaa8568d739faf3f7",
                "sha256:da68497f78953017deb20edff0dba95641cc86e7423dfadf7c0264e1ac60dc22",
                "sha256:daffa4807ef54b927451208f5f85750c545a4abbff03d740835fc444cd97f758",
                "sha256:df5aa4cead2044bab83e0ebae56e0944cc7fcc1505c7787e9e1057d6d549897e",
                "sha256:e099ddfaa88f59dd8d36c8a3c66bd982b4984edf127eb18e30bb49bdba68ce67",
                "sha256:e64e61f29cf95afb43549063d8433b46352baf0c8a70aa45e2585618fcf59d86",
                "sha256:e928ec2d84dc8d13285b4a9288fd6246c5cde4f5f935b479f50d986911f085e3",
                "sha256:f32b9e65d70f3684532358255dc053f143835c5f5991e28a5ac4c93ce94b9ea7",
                "sha256:f6538aaaedd091d6e5abdaa19b99e6e82697d67518f114721b5248709b639fad",
                "sha256:f9b8bde9909a010c75b3aea58ec3910393b758f3c219beed67063693df854db0",
                "sha256:ff1b50aeeec64df5603f17984e4b5be6166058dcf8f1e26a3da40d7a0f6ab547"
            ],
            "markers": "python_version >= '3.9'",
            "version": "==4.4.5"
        },
        "pydantic": {
            "hashes": [
                "sha256:346a034f080da3755d8e9cb5e00e8b07de1d39e4f6e2c87d8ab7cafa0b269a73",
                "sha256:51a9c5f7b2f8e636f04c6cada605d9b6a3bf1348fdf945a3d8869b19bba0ee08"
            ],
            "markers": "python_version >= '3.9'",
            "version": "==2.13.5"
        },
        "pydantic-core": {
            "hashes": [
                "sha256:013d6f3483d81e02e7c328831808f336c8596ee33b4bd4026b9ffb1e960b8942",
                "sha256:03b9666e41e35d8909852ba191a0607520f81b74eaf12ccf8737005dbb313821",
                "sha256:045ab3b6d308439e32b81cc173bba5b9018bc6ed896afd0c65b3b009b1699af5",
                "sha256:0bddb4020d8f04175865ccd17eff3040874fc11fb593f424edb452653b4b947c",
                "sha256:0cdbada856a1c69a7624a64d3d9aefe79300bd6ef827b43a4f265010b9b55184",
                "sha256:0fc5be0abd4a407e200d844b404e33639a554e7bd0d448e7b9ae181be4789ac2",
                "sha256:10416c15b8839ecc4ef4d0885da76da6fd0f67333a0eb8aff6d93c4b8f2910fc",
                "sha256:15f4a94963c95accac15b7b657bb177d3ad82bb90b0d0526d9a9b85079925db5",
                "sha256:18a09e1e1011b462f2e32774f25859ef1223d5c2b0546a633cf56654710721e0",
                "sha256:193375f3548919d3f0b60936ca113ada3e38f264f91b9b8e0508efaad57be931",
                "sha256:1a353f84de772f423b5ffb11d7ae352fbbef0f446f3c0b0af0f8236d7233606e",
                "sha256:1e449def1945a462c464331254e5a44fca7c3b4f9aedf59ec2f50f8066dd8e25",
                "sha256:1e5aad1220a1192c42341c8fd4a8686657e73ab2a920c970bdc4de334fe3193d",
                "sha256:200aa3dc9f8d54f0754f43247c0bad0999fdcfbfd2488384dd44f37279271fe6",
                "sha256:2471fd51c61c610e1dcf7de44d7299283661654d11264ab4802b303368d69c47",
                "sha256:24922243639cbdac66c75fcb6fd6495a9cb52b213d62f9a0d16f0310b1ff8038",
                "sha256:28a6a556cd3b6066bea827857f9d9cce027c96f776e512f544a581f9e42161f8",
                "sha256:2bc9419666990c06d7397831f2126a1ecc3594aaa3ff7de5bf2d066802f4e07b",
                "sha256:2cbd9a5eff05e51c447c34dfa4632145b26b09120cf04bd0c871e44c1a5e1c9a",
                "sha256:2d330aaba8621b1edcec8ae2c4050f63b84ccf6d98723a8f212e9684713abf0e",
                "sha256:2d5d76654becf5efd62c9e51c3756c67b49498b0c9a40884934c40807adbd074",
                "sha256:337639ba62a11acde6ef3aeb08c8ea755f8ef1fe5e513356c0f36a2b0d7568b0",
                "sha256:347ec774390c87326a2e4929d58d3f7e8763a104d5d35f4cd595a4c952366433",
                "sha256:356c8368cbc321050b169595683a2e1d63413b1e0e2868b330af9fc14c616d3f",
                "sha256:37ae34309d7bd8c0d61ab839668058f2a7962ea1fc51d105d2db228fe0618034",
                "sha256:37ea7b83c935e5b0d68c9449b82651accf78a10828b2c02b2f2d9e9496446c21",
                "sha256:3a3e26b6a8274211bddee2d0e4d0d42778f17a34510f49d2ec44b58abfc41736",
                "sha256:3aa166e99c4f2985407fb8714aebede877ecb5455cf321b606adca926d30d5a0",
                "sha256:3d2652072b2d774947ba5cf78a9e59644ac62ee572daf6dd2e1dfe905e15b2b7",
                "sha256:40375c2d05acec10323e45dfe2077ac44bc74659008614af5069034e2cfc781c",
                "sha256:413a717a410d0c817ef5b786a059415550b3794e1d0c2abffd9efb93a3d9f7b4",
                "sha256:46c25dda9d092a06c08db76ffe0a197107904d0dfac653f7d5306bbcd6d6119c",
                "sha256:49776eab08766a08dfff7012f8b422dcd7e25e43b316eedf0477c24fcfa84b7c",
                "sha256:4d44cf99ddebf875f9b68cc267aa684c99b7b44fe63ee1cac4ec163807290069",
                "sha256:4dedce55295becb61921e386b99d4f2706045306e7fa52249a33004c837379fb",
                "sha256:4f8507560a9284e1370bb048ed4282012fbef4e8d109875b95e884d228552061",
                "sha256:4fdc8b93a41521988916eeaa271173fcca7fa0803d62f87675aac8dcec1c8e29",
                "sha256:5086029a57366b8cf81b130a43908738095c270c21a8d7f0e8bdfdb89718e2f3",
                "sha256:52e24eacdb536cade636aa90fb851835222becff8484b7001fdc78cb0290f2aa",
                "sha256:53feb344243bb9510a9dec7bf3cf1b64d88a98af5dc7872a5160465f8b198c8e",
                "sha256:545f26c504b27c3758439a5e6d9349931f0a04f855668d5fe323c89e82300a38",
                "sha256:54d510bac3ee52247af28ed4bb18a1e799f040ac60fd2bf5ccd4c92f1fbe786f",
                "sha256:5cb482e9e84c851f4e623fe4acc1ced89168cf1fe18f7089db4548c8f5bbb65b",
                "sha256:5e81740c09e310f5aa5cbd3e434a01c154d4bef93241c7877b39f211d2b78ba8",
                "sha256:5ee239d575f80b08eca11f6e20f90c4c695de7825c67eefe6091fbf20dda648e",
                "sha256:5f194189415698233dd1114a093a9b56e61e2c57e11b469be3b0506f46f0771c",
                "sha256:5f93c5fe914d75fbec9a49209b00da5f08e9e467d69da2b1510c81940cfd10be",
                "sha256:657b40d6240c0a7b6a64b30f22d1e3aa631c7e846c621b0c0f6d1d75e2e15ea6",
                "sha256:6d30e1a4f138b8951063e9a394752a9179b51da288ffa507b1e659222f4c1793",
                "sha256:6f7b393a8b3da82f5c1fc0751e6d01ac6c55b93c18226a60bdfba4a724efafd1",
                "sha256:701b2e04b560eeb4bddf7a25ab8ca476176e34fdbd9a0e18196f0d12d4685f0b",
                "sha256:771cf63ae0b1b50dd22e5f3e3549fab5f3f4ff1635d352a9e1a97fe01c7b2e64",
                "sha256:79bdfa52f843137045b2d081cc05c120ba6665d29b7559c2c47690906f39279f",
                "sha256:7ac031912d54f3d83ef3b3eb98dfabc1608802e2202263d25957eeed40b94761",
                "sha256:7b0fc826b16c55e561e5d2a0c5c77b051ba1d92808118c4e4b5390f5e0cf191d",
                "sha256:7c6be839a5a8312626b32029a415644a0846b420bc8b52b95b28cd92da162168",
                "sha256:816ff0a6550ffc06c098ccd2e0698600f9aa7da192a79eaa6f9af504a35db869",
                "sha256:82a36973cf8a2ef5406f4fe2edbf8ed0c99629535d959e0b100c76a32535a111",
                "sha256:837b396ca3d7b74091ca623f6cbd8351bd42d670a79c2683e79fb089f06a2de5",
                "sha256:850a08d167dde16db8702c274f320c7be9d7da6f6dff2b58b18f9e815bd94f5b",
                "sha256:8816f3d218beb4b787de5c9759c259b8fa61f9dec42dc7811f320a33771778b7",
                "sha256:892a881d5f68c2b9ea304b7a6c2c60d9343df578a311b0f86b94bc8f1ffe8129",
                "sha256:895395f8918627b04efb1ad2a4cf605387143300ba03304cd1dfa6d03f5e095e",
                "sha256:8b10e3e8fd7ddc2bd915848a2768e44c15b22936f1cc54c462ad1164deb02655",
                "sha256:8e24d8f05fa2d28513d94e877e9c75ad66175376209b3977f916e240e623193c",
                "sha256:8feeac04b5794e513e710af2f9c87d49f31a6dc47967bb264a1fed61a8989bec",
                "sha256:9432f3598db432cb51c5b37fdbf29a60fcccc79e30d37a05022776a6bc4ab689",
                "sha256:976e1128455aa595ea04c79ccfedff1aaeab96ee013fcc916bed120c4f0ad94f",
                "sha256:978e7b97d4824b5be09c69fb70507cbde3b0323fc147332ca40a94d9a6a0ebbf",
                "sha256:97bf8de4d541598c94a59344eeb988a94c08ff76b5723c41f6567ec18c7892ea",
                "sha256:97cf3eb53a8cccacf9d46686a0926186c9bfb5574f2ed66d3639d5fe117cd3a9",
                "sha256:9b68938dd5b0c783d88ff8e2dcc69451b5eb936fe212d516b21b9d5567f6d464",
                "sha256:9c4b71f10dd532fb7a5cbc8f58707779e64f03a258c2bf8bfbaecfcd9970b519",
                "sha256:9f47b8a949e60f027f0aa0a6f6c7b7e9c55cbf4380d10b344e282fa4e7ab1e1b",
                "sha256:a1dee1b804ff4d11c663636cf15d2ea47e9f79cd56c033fb1cbf08924842a48f",
                "sha256:a2468d93d181667a7abd66e1b64bb9f76f361b0fef8faddf687456453576f5ee",
                "sha256:a2a5e1d0ff29adddc9f6d6821a66302e4493f8ca898b715b6b1182c2c201ea0a",
                "sha256:a39ac25a9a2fa4072efdb429833c4a4c8009a51ff9eea3eeae131713cd27991e",
                "sha256:a445486499897b88a7d6c310c88ed64dd37b1b59bfd7ae9107490bbb362f47d6",
                "sha256:a91c17edf6eea2402cb5457b4c89e99bc5ed1004aa34c4adf1d4258c1a5c22c2",
                "sha256:ab4b66edffb32d9e951efb3814bd104b8367a7501b81b955cacb5726d897389f",
                "sha256:aca6c767f552b21b10f774aeac128e828eafb796adfa1b666a18bf6321453c3a",
                "sha256:acf8a67ba51f4ca9ddbd0e6b3000a65ac51ab734661778b3e7ba64d99a710f2f",
                "sha256:b10ec717381bdbfafef34607824db4c91de69ff085e4fca3b2af91b4fa17e68a",
                "sha256:b49924c73a235e969511bf2aabdff3beebf9820931f646c80274d5d780010c47",
                "sha256:b6acfb46a814762367fb7ba0828b0a17d441b92ce249a0e007474c9072662dda",
                "sha256:b7ca9034437b6022f941f4857459562ee00a560b97e7cce8a0ec5a74fc6766e0",
                "sha256:b98134087d9de723658d17a42c7d0da8d6e2ef08015dee7dc93889047315f5e4",
                "sha256:b9fe6fb92520e3fd61f2e49000b6911b188824f089b75973ea06d6267f0b476d",
                "sha256:bce57638e08ac148e5778cce7feb968307a727d66f8e2274a543d0cf0c9ad6a3",
                "sha256:c14ad3bdc85ee7f318742c457ca3968a92126d144b15721c759033bfb06296c2",
                "sha256:c1c43ad4339643d70ebb8124e1305a7dab423001eff58bb41a0f731adbc98355",
                "sha256:c3471e5c4a949c26ec00a77f01df59096aa9495877de76fd60a980f8ee6be461",
                "sha256:c583b927a8838dab890706a6fa7573fbb8b70e24000ef9f7238e2d6f6435a5ed",
                "sha256:c76fe65e607be28c7fd4d56fc3c42b1583aa058ce3408b7ad0fd540171d31f9f",
                "sha256:c7ea57fc63aa7da93a1bd2d644e6577befae10c52c4e36377635eea1056a74f5",
                "sha256:cd5214352ae68f3b5e9af7768bdc5253695ee069675db3480518420b3be881f2",
                "sha256:cdbb78909f52b981d3b2d56b97328d71eb0b974c36bd77c920123a7ebb192829",
                "sha256:cdc8b74ecc48c0cb1e9607a05ec4e9e88db60a19ffcc9a1d5f9088ede40c8dc0",
                "sha256:d0a24b40877af2de4950252be9d21eaf7fb07660f3c2cae1f56c6b599ada5266",
                "sha256:d22a945598fb91236b4dd793a6e42e4f3dd7740bb5aace5ebd7d4c08d13bb575",
                "sha256:d2f9fc07a8042a8f95925b35c4f04f469707c981fc33245b6ca187cf5d2dd290",
                "sha256:d625a186a65201c23a9e3b8ed9c47e90a026e03256608cc91851c6709096844f",
                "sha256:d925f3d9afd05a8c0fb3a1031463a8d59ebe5e2afad297e29c78be19e13b4e62",
                "sha256:e64e88d5585bea9ce95861079de72006c7fa6d3df4e3a3b65ba31eb979c15c9f",
                "sha256:e652ab17569c94bff5475520f907b7148b8c24036a8ebbe5cf7cf7493d28579a",
                "sha256:e7b891faeedeafba41b2983e5001a81b6a915b69544c7e7570d1989ce1c36ac7",
                "sha256:e80675d75ae2cd14372cb65cad5400d9347a3d3f6c13000183f22dfd027283ed",
                "sha256:e9c134bb666dd54b778b9fc0d2b50cbb7f979b9e3716f26a88c9ab3b6fc1dd0f",
                "sha256:eb7d8d0e5886a89a55d2eef490e272fa965a9d57c6b29a5b5088a7997ec2cad1",
                "sha256:ecb42011e12ee19cafbc312887cbf3546959fe02fbad44f272d4be5baa997615",
                "sha256:ef3fbbf161dc9351a2fe0422e51b129f9e97e42385bd0320b309c15f7d287dd8",
                "sha256:efd62a42486f1bda5d24cb4f63d15a3c7768375fe83d36f9417b4ad7a2fb20b3",
                "sha256:f077d0b97ab11fa7dcc633fca53515f290bca8a8a633e966d5b6d1879d9ed01a",
                "sha256:f332f0e72a5a0400141f830744e141bf9f97917878dbe968669e8a7fefea78ff",
                "sha256:f7b0ec93a2893de856652154d73b7ba622f26fa97726487dcac373de5f4c6084",
                "sha256:fa10ef4112775900e7a0661068635eb67b2ab824fbde764de6e0e21982a93db0",
                "sha256:fc5d783bd4a2387e97b8a2d5ec781cfb92b3d893bf82370548e99db5915935d3",
                "sha256:fc8515076c11f3cfdf4fb142dcca0fe384b1230a3b5415458ac84f3e0903ec13",
                "sha256:ff218293c9c806138dca139765e3b067621be52bcd93cdc14c7711be7ddc90a9"
            ],
            "markers": "python_version >= '3.9'",
            "version": "==2.46.5"
        },
        "pytz": {
            "hashes": [
                "sha256:2211d3fcf9a797d3405cac96ac7f61d80e6a644f72a3309607282fe8a2010c5d",
                "sha256:dd95840dd199baea12d9cc096a1d452caa6596a1c1e4b5f3dbd1541855d5e815"
            ],
            "version": "==2026.3.post1"
        },
        "starlette": {
            "hashes": [
                "sha256:595633ce89f8ffa71a015caed34a5b2dc1c0cdb3f0f1fbd1e69339cf2abeec35",
                "sha256:7f7361f34eed179294600af672f565727419830b54b7b084efe44bb82d2fccd5"
            ],
            "markers": "python_version >= '3.9'",
            "version": "==0.46.2"
        },
        "typing-extensions": {
            "hashes": [
                "sha256:481caa481374e813c1b176ada14e97f1f67a4539ce9cfeb3f350d78d6370c2e8",
                "sha256:dc983d19a509c94dba722ee6abd33940f7c05a89e243c47e907eb4db6f1a43e5"
            ],
            "markers": "python_version >= '3.9'",
            "version": "==4.16.0"
        },
        "typing-inspection": {
            "hashes": [
                "sha256:547274fa6b0a561ccf549cc9524b999a578e737d015d8709d021f9d0d13bea47",
                "sha256:65b8397ba37ccbce054456aaccddfc91e6e3083c92824df348d96ca832f3f147"
            ],
            "markers": "python_version >= '3.10'",
            "version": "==0.4.4"
        },
        "urllib3": {
            "hashes": [
                "sha256:231e0ec3b63ceb14667c67be60f2f2c40a518cb38b03af60abc813da26505f4c",
                "sha256:9fb4c81ebbb1ce9531cce37674bbc6f1360472bc18ca9a553ede278ef7276897"
            ],
            "markers": "python_version >= '3.10'",
            "version": "==2.7.0"
        },
        "uvicorn": {
            "hashes": [
                "sha256:82ad92fd58da0d12af7482ecdb5f2470a04c9c9a53ced65b9bbb4a205377602e",
                "sha256:ee9519c246a72b1c084cea8d3b44ed6026e78a4a309cbedae9c37e4cb9fbb175"
            ],
            "index": "pypi",
            "markers": "python_version >= '3.8'",
            "version": "==0.32.1"
        },
        "zstandard": {
            "hashes": [
                "sha256:011d388c76b11a0c165374ce660ce2c8efa8e5d87f34996aa80f9c0816698b64",
                "sha256:01582723b3ccd6939ab7b3a78622c573799d5d8737b534b86d0e06ac18dbde4a",
                "sha256:05353cef599a7b0b98baca9b068dd36810c3ef0f42bf282583f438caf6ddcee3",
                "sha256:05df5136bc5a011f33cd25bc9f506e7426c0c9b3f9954f056831ce68f3b6689f",
                "sha256:06acb75eebeedb77b69048031282737717a63e71e4ae3f77cc0c3b9508320df6",
                "sha256:07b527a69c1e1c8b5ab1ab14e2afe0675614a09182213f21a0717b62027b5936",
                "sha256:0bbc9a0c65ce0eea3c34a691e3c4b6889f5f3909ba4822ab385fab9057099431",
                "sha256:0be7622c37c183406f3dbf0cba104118eb16a4ea7359eeb5752f0794882fc250",
                "sha256:106281ae350e494f4ac8a80470e66d1fe27e497052c8d9c3b95dc4cf1ade81aa",
                "sha256:10ef2a79ab8e2974e2075fb984e5b9806c64134810fac21576f0668e7ea19f8f",
                "sha256:1673b7199bbe763365b81a4f3252b8e80f44c9e323fc42940dc8843bfeaf9851",
                "sha256:172de1f06947577d3a3005416977cce6168f2261284c02080e7ad0185faeced3",
                "sha256:181eb40e0b6a29b3cd2849f825e0fa34397f649170673d385f3598ae17cca2e9",
                "sha256:1869da9571d5e94a85a5e8d57e4e8807b175c9e4a6294e3b66fa4efb074d90f6",
                "sha256:19796b39075201d51d5f5f790bf849221e58b48a39a5fc74837675d8bafc7362",
                "sha256:1cd5da4d8e8ee0e88be976c294db744773459d51bb32f707a0f166e5ad5c8649",
                "sha256:1f3689581a72eaba9131b1d9bdbfe520ccd169999219b41000ede2fca5c1bfdb",
                "sha256:1f830a0dac88719af0ae43b8b2d6aef487d437036468ef3c2ea59c51f9d55fd5",
                "sha256:223415140608d0f0da010499eaa8ccdb9af210a543fac54bce15babbcfc78439",
                "sha256:22a06c5df3751bb7dc67406f5374734ccee8ed37fc5981bf1ad7041831fa1137",
                "sha256:22a086cff1b6ceca18a8dd6096ec631e430e93a8e70a9ca5efa7561a00f826fa",
                "sha256:23ebc8f17a03133b4426bcc04aabd68f8236eb78c3760f12783385171b0fd8bd",
                "sha256:25f8f3cd45087d089aef5ba3848cd9efe3ad41163d3400862fb42f81a3a46701",
                "sha256:2b6bd67528ee8b5c5f10255735abc21aa106931f0dbaf297c7be0c886353c3d0",
                "sha256:2e54296a283f3ab5a26fc9b8b5d4978ea0532f37b231644f367aa588930aa043",
                "sha256:3756b3e9da9b83da1796f8809dd57cb024f838b9eeafde28f3cb472012797ac1",
                "sha256:37daddd452c0ffb65da00620afb8e17abd4adaae6ce6310702841760c2c26860",
                "sha256:3a39c94ad7866160a4a46d772e43311a743c316942037671beb264e395bdd611",
                "sha256:3b870ce5a02d4b22286cf4944c628e0f0881b11b3f14667c1d62185a99e04f53",
                "sha256:3c83b0188c852a47cd13ef3bf9209fb0a77fa5374958b8c53aaa699398c6bd7b",
                "sha256:4203ce3b31aec23012d3a4cf4a2ed64d12fea5269c49aed5e4c3611b938e4088",
                "sha256:457ed498fc58cdc12fc48f7950e02740d4f7ae9493dd4ab2168a47c93c31298e",
                "sha256:474d2596a2dbc241a556e965fb76002c1ce655445e4e3bf38e5477d413165ffa",
                "sha256:4b14abacf83dfb5c25eb4e4a79520de9e7e205f72c9ee7702f91233ae57d33a2",
                "sha256:4b6d83057e713ff235a12e73916b6d356e3084fd3d14ced499d84240f3eecee0",
                "sha256:4d441506e9b372386a5271c64125f72d5df6d2a8e8a2a45a0ae09b03cb781ef7",
                "sha256:4f187a0bb61b35119d1926aee039524d1f93aaf38a9916b8c4b78ac8514a0aaf",
                "sha256:51526324f1b23229001eb3735bc8c94f9c578b1bd9e867a0a646a3b17109f388",
                "sha256:53e08b2445a6bc241261fea89d065536f00a581f02535f8122eba42db9375530",
                "sha256:53f94448fe5b10ee75d246497168e5825135d54325458c4bfffbaafabcc0a577",
                "sha256:5a56ba0db2d244117ed744dfa8f6f5b366e14148e00de44723413b2f3938a902",
                "sha256:5f1ad7bf88535edcf30038f6919abe087f606f62c00a87d7e33e7fc57cb69fcc",
                "sha256:5f5e4c2a23ca271c218ac025bd7d635597048b366d6f31f420aaeb715239fc98",
                "sha256:6a573a35693e03cf1d67799fd01b50ff578515a8aeadd4595d2a7fa9f3ec002a",
                "sha256:6c0e5a65158a7946e7a7affa6418878ef97ab66636f13353b8502d7ea03c8097",
                "sha256:6dffecc361d079bb48d7caef5d673c88c8988d3d33fb74ab95b7ee6da42652ea",
                "sha256:7030defa83eef3e51ff26f0b7bfb229f0204b66fe18e04359ce3474ac33cbc09",
                "sha256:7149623bba7fdf7e7f24312953bcf73cae103db8cae49f8154dd1eadc8a29ecb",
                "sha256:72d35d7aa0bba323965da807a462b0966c91608ef3a48ba761678cb20ce5d8b7",
                "sha256:75ffc32a569fb049499e63ce68c743155477610532da1eb38e7f24bf7cd29e74",
                "sha256:7713e1179d162cf5c7906da876ec2ccb9c3a9dcbdffef0cc7f70c3667a205f0b",
                "sha256:78228d8a6a1c177a96b94f7e2e8d012c55f9c760761980da16ae7546a15a8e9b",
                "sha256:7b3c3a3ab9daa3eed242d6ecceead93aebbb8f5f84318d82cee643e019c4b73b",
                "sha256:809c5bcb2c67cd0ed81e9229d227d4ca28f82d0f778fc5fea624a9def3963f91",
                "sha256:81dad8d145d8fd981b2962b686b2241d3a1ea07733e76a2f15435dfb7fb60150",
                "sha256:85304a43f4d513f5464ceb938aa02c1e78c2943b29f44a750b48b25ac999a049",
                "sha256:89c4b48479a43f820b749df49cd7ba2dbc2b1b78560ecb5ab52985574fd40b27",
                "sha256:8e735494da3db08694d26480f1493ad2cf86e99bdd53e8e9771b2752a5c0246a",
                "sha256:913cbd31a400febff93b564a23e17c3ed2d56c064006f54efec210d586171c00",
                "sha256:9174f4ed06f790a6869b41cba05b43eeb9a35f8993c4422ab853b705e8112bbd",
                "sha256:9300d02ea7c6506f00e627e287e0492a5eb0371ec1670ae852fefffa6164b072",
                "sha256:933b65d7680ea337180733cf9e87293cc5500cc0eb3fc8769f4d3c88d724ec5c",
                "sha256:9654dbc012d8b06fc3d19cc825af3f7bf8ae242226df5f83936cb39f5fdc846c",
                "sha256:98750a309eb2f020da61e727de7d7ba3c57c97cf6213f6f6277bb7fb42a8e065",
                "sha256:99c0c846e6e61718715a3c9437ccc625de26593fea60189567f0118dc9db7512",
                "sha256:a1a4ae2dec3993a32247995bdfe367fc3266da832d82f8438c8570f989753de1",
                "sha256:a3f79487c687b1fc69f19e487cd949bf3aae653d181dfb5fde3bf6d18894706f",
                "sha256:a4089a10e598eae6393756b036e0f419e8c1d60f44a831520f9af41c14216cf2",
                "sha256:a51ff14f8017338e2f2e5dab738ce1ec3b5a851f23b18c1ae1359b1eecbee6df",
                "sha256:a5a419712cf88862a45a23def0ae063686db3d324cec7edbe40509d1a79a0aab",
                "sha256:a9ec8c642d1ec73287ae3e726792dd86c96f5681eb8df274a757bf62b750eae7",
                "sha256:aaf21ba8fb76d102b696781bddaa0954b782536446083ae3fdaa6f16b25a1c4b",
                "sha256:ab85470ab54c2cb96e176f40342d9ed41e58ca5733be6a893b730e7af9c40550",
                "sha256:b9af1fe743828123e12b41dd8091eca1074d0c1569cc42e6e1eee98027f2bbd0",
                "sha256:bfc4e20784722098822e3eee42b8e576b379ed72cca4a7cb856ae733e62192ea",
                "sha256:bfd06b1c5584b657a2892a6014c2f4c20e0db0208c159148fa78c65f7e0b0277",
                "sha256:c19bcdd826e95671065f8692b5a4aa95c52dc7a02a4c5a0cac46deb879a017a2",
                "sha256:c2ba942c94e0691467ab901fc51b6f2085ff48f2eea77b1a48240f011e8247c7",
                "sha256:c8e167d5adf59476fa3e37bee730890e389410c354771a62e3c076c86f9f7778",
                "sha256:ca54090275939dc8ec5dea2d2afb400e0f83444b2fc24e07df7fdef677110859",
                "sha256:d7541afd73985c630bafcd6338d2518ae96060075f9463d7dc14cfb33514383d",
                "sha256:d8c56bb4e6c795fc77d74d8e8b80846e1fb8292fc0b5060cd8131d522974b751",
                "sha256:da469dc041701583e34de852d8634703550348d5822e66a0c827d39b05365b12",
                "sha256:daab68faadb847063d0c56f361a289c4f268706b598afbf9ad113cbe5c38b6b2",
                "sha256:e05ab82ea7753354bb054b92e2f288afb750e6b439ff6ca78af52939ebbc476d",
                "sha256:e09bb6252b6476d8d56100e8147b803befa9a12cea144bbe629dd508800d1ad0",
                "sha256:e29f0cf06974c899b2c188ef7f783607dbef36da4c242eb6c82dcd8b512855e3",
                "sha256:e59fdc271772f6686e01e1b3b74537259800f57e24280be3f29c8a0deb1904dd",
                "sha256:e7360eae90809efd19b886e59a09dad07da4ca9ba096752e61a2e03c8aca188e",
                "sha256:e96594a5537722fdfb79951672a2a63aec5ebfb823e7560586f7484819f2a08f",
                "sha256:ea9d54cc3d8064260114a0bbf3479fc4a98b21dffc89b3459edd506b69262f6e",
                "sha256:ec996f12524f88e151c339688c3897194821d7f03081ab35d31d1e12ec975e94",
                "sha256:f27662e4f7dbf9f9c12391cb37b4c4c3cb90ffbd3b1fb9284dadbbb8935fa708",
                "sha256:f373da2c1757bb7f1acaf09369cdc1d51d84131e50d5fa9863982fd626466313",
                "sha256:f5aeea11ded7320a84dcdd62a3d95b5186834224a9e55b92ccae35d21a8b63d4",
                "sha256:f604efd28f239cc21b3adb53eb061e2a205dc164be408e553b41ba2ffe0ca15c",
                "sha256:f67e8f1a324a900e75b5e28ffb152bcac9fbed1cc7b43f99cd90f395c4375344",
                "sha256:fd7a5004eb1980d3cefe26b2685bcb0b17989901a70a1040d1ac86f1d898c551",
                "sha256:ffef5a74088f1e09947aecf91011136665152e0b4b359c42be3373897fb39b01"
            ],
            "markers": "python_version >= '3.9'",
            "version": "==0.25.0"
        }
    },
    "develop": {}
}
